
Microsoft Visual Studio Solution File, Format Version 12.00
# Visual Studio Version 17
VisualStudioVersion = 17.3.32901.215
MinimumVisualStudioVersion = 10.0.40219.1
Project("{FAE04EC0-301F-11D3-BF4B-00C04F79EFBC}") = "Условные операторы", "Условные операторы\Условные операторы.csproj", "{1AA4D2E6-8F73-4C5E-B748-7971D7727DD8}"
EndProject
Global
	GlobalSection(SolutionConfigurationPlatforms) = preSolution
		Debug|Any CPU = Debug|Any CPU
		Release|Any CPU = Release|Any CPU
	EndGlobalSection
	GlobalSection(ProjectConfigurationPlatforms) = postSolution
		{1AA4D2E6-8F73-4C5E-B748-7971D7727DD8}.Debug|Any CPU.ActiveCfg = Debug|Any CPU
		{1AA4D2E6-8F73-4C5E-B748-7971D7727DD8}.Debug|Any CPU.Build.0 = Debug|Any CPU
		{1AA4D2E6-8F73-4C5E-B748-7971D7727DD8}.Release|Any CPU.ActiveCfg = Release|Any CPU
		{1AA4D2E6-8F73-4C5E-B748-7971D7727DD8}.Release|Any CPU.Build.0 = Release|Any CPU
	EndGlobalSection
	GlobalSection(SolutionProperties) = preSolution
		HideSolutionNode = FALSE
	EndGlobalSection
	GlobalSection(ExtensibilityGlobals) = postSolution
		SolutionGuid = {FA2BC917-1087-4410-8481-8F2E43FBACA4}
	EndGlobalSection
EndGlobal
