
Microsoft Visual Studio Solution File, Format Version 12.00
# Visual Studio Version 17
VisualStudioVersion = 17.3.32901.215
MinimumVisualStudioVersion = 10.0.40219.1
Project("{FAE04EC0-301F-11D3-BF4B-00C04F79EFBC}") = "Метод", "Метод\Метод.csproj", "{5DCA95E3-FB38-4139-87F1-3B06DC4510CF}"
EndProject
Global
	GlobalSection(SolutionConfigurationPlatforms) = preSolution
		Debug|Any CPU = Debug|Any CPU
		Release|Any CPU = Release|Any CPU
	EndGlobalSection
	GlobalSection(ProjectConfigurationPlatforms) = postSolution
		{5DCA95E3-FB38-4139-87F1-3B06DC4510CF}.Debug|Any CPU.ActiveCfg = Debug|Any CPU
		{5DCA95E3-FB38-4139-87F1-3B06DC4510CF}.Debug|Any CPU.Build.0 = Debug|Any CPU
		{5DCA95E3-FB38-4139-87F1-3B06DC4510CF}.Release|Any CPU.ActiveCfg = Release|Any CPU
		{5DCA95E3-FB38-4139-87F1-3B06DC4510CF}.Release|Any CPU.Build.0 = Release|Any CPU
	EndGlobalSection
	GlobalSection(SolutionProperties) = preSolution
		HideSolutionNode = FALSE
	EndGlobalSection
	GlobalSection(ExtensibilityGlobals) = postSolution
		SolutionGuid = {D69355DA-EF66-4319-957D-682B54458A2C}
	EndGlobalSection
EndGlobal
