
Microsoft Visual Studio Solution File, Format Version 12.00
# Visual Studio Version 17
VisualStudioVersion = 17.3.32901.215
MinimumVisualStudioVersion = 10.0.40219.1
Project("{FAE04EC0-301F-11D3-BF4B-00C04F79EFBC}") = "Вариант 16.2.", "..\Вариант 16.2\Вариант 16.2\Вариант 16.2..csproj", "{AABDD014-4275-4A7B-B474-397B4816AE8A}"
EndProject
Global
	GlobalSection(SolutionConfigurationPlatforms) = preSolution
		Debug|Any CPU = Debug|Any CPU
		Release|Any CPU = Release|Any CPU
	EndGlobalSection
	GlobalSection(ProjectConfigurationPlatforms) = postSolution
		{AABDD014-4275-4A7B-B474-397B4816AE8A}.Debug|Any CPU.ActiveCfg = Debug|Any CPU
		{AABDD014-4275-4A7B-B474-397B4816AE8A}.Debug|Any CPU.Build.0 = Debug|Any CPU
		{AABDD014-4275-4A7B-B474-397B4816AE8A}.Release|Any CPU.ActiveCfg = Release|Any CPU
		{AABDD014-4275-4A7B-B474-397B4816AE8A}.Release|Any CPU.Build.0 = Release|Any CPU
	EndGlobalSection
	GlobalSection(SolutionProperties) = preSolution
		HideSolutionNode = FALSE
	EndGlobalSection
	GlobalSection(ExtensibilityGlobals) = postSolution
		SolutionGuid = {A5399EC2-2949-4A0D-BBCD-3C56D65F5896}
	EndGlobalSection
EndGlobal
