
Microsoft Visual Studio Solution File, Format Version 12.00
# Visual Studio Version 17
VisualStudioVersion = 17.3.32901.215
MinimumVisualStudioVersion = 10.0.40219.1
Project("{FAE04EC0-301F-11D3-BF4B-00C04F79EFBC}") = "Четность", "Четность\Четность.csproj", "{7CBDCD15-78D3-4763-B781-69C85A4E227A}"
EndProject
Global
	GlobalSection(SolutionConfigurationPlatforms) = preSolution
		Debug|Any CPU = Debug|Any CPU
		Release|Any CPU = Release|Any CPU
	EndGlobalSection
	GlobalSection(ProjectConfigurationPlatforms) = postSolution
		{7CBDCD15-78D3-4763-B781-69C85A4E227A}.Debug|Any CPU.ActiveCfg = Debug|Any CPU
		{7CBDCD15-78D3-4763-B781-69C85A4E227A}.Debug|Any CPU.Build.0 = Debug|Any CPU
		{7CBDCD15-78D3-4763-B781-69C85A4E227A}.Release|Any CPU.ActiveCfg = Release|Any CPU
		{7CBDCD15-78D3-4763-B781-69C85A4E227A}.Release|Any CPU.Build.0 = Release|Any CPU
	EndGlobalSection
	GlobalSection(SolutionProperties) = preSolution
		HideSolutionNode = FALSE
	EndGlobalSection
	GlobalSection(ExtensibilityGlobals) = postSolution
		SolutionGuid = {B1181752-5BE8-46A8-8DFD-2F9A1AB66AC1}
	EndGlobalSection
EndGlobal
