
Microsoft Visual Studio Solution File, Format Version 12.00
# Visual Studio Version 17
VisualStudioVersion = 17.3.32901.215
MinimumVisualStudioVersion = 10.0.40219.1
Project("{FAE04EC0-301F-11D3-BF4B-00C04F79EFBC}") = "Вариант 16 Массивы", "Вариант 16 Массивы\Вариант 16 Массивы.csproj", "{8CE6CA42-BAC5-48B9-9612-7E063CC0D6B3}"
EndProject
Global
	GlobalSection(SolutionConfigurationPlatforms) = preSolution
		Debug|Any CPU = Debug|Any CPU
		Release|Any CPU = Release|Any CPU
	EndGlobalSection
	GlobalSection(ProjectConfigurationPlatforms) = postSolution
		{8CE6CA42-BAC5-48B9-9612-7E063CC0D6B3}.Debug|Any CPU.ActiveCfg = Debug|Any CPU
		{8CE6CA42-BAC5-48B9-9612-7E063CC0D6B3}.Debug|Any CPU.Build.0 = Debug|Any CPU
		{8CE6CA42-BAC5-48B9-9612-7E063CC0D6B3}.Release|Any CPU.ActiveCfg = Release|Any CPU
		{8CE6CA42-BAC5-48B9-9612-7E063CC0D6B3}.Release|Any CPU.Build.0 = Release|Any CPU
	EndGlobalSection
	GlobalSection(SolutionProperties) = preSolution
		HideSolutionNode = FALSE
	EndGlobalSection
	GlobalSection(ExtensibilityGlobals) = postSolution
		SolutionGuid = {4B402600-CCDA-444C-A525-8D39ADD38414}
	EndGlobalSection
EndGlobal
